
Microsoft Visual Studio Solution File, Format Version 12.00
# Visual Studio Version 16
VisualStudioVersion = 16.0.29418.71
MinimumVisualStudioVersion = 10.0.40219.1
Project("{FAE04EC0-301F-11D3-BF4B-00C04F79EFBC}") = "TestNinja", "TestNinja\TestNinja.csproj", "{7328740E-4B78-464F-8352-65D887F2145F}"
EndProject
Project("{FAE04EC0-301F-11D3-BF4B-00C04F79EFBC}") = "TestNinja.UnitTests", "TestNinja.UnitTests\TestNinja.UnitTests.csproj", "{30C7A228-D6D3-4B35-9677-056514DE96DC}"
EndProject
Global
	GlobalSection(SolutionConfigurationPlatforms) = preSolution
		Debug|Any CPU = Debug|Any CPU
		Release|Any CPU = Release|Any CPU
	EndGlobalSection
	GlobalSection(ProjectConfigurationPlatforms) = postSolution
		{7328740E-4B78-464F-8352-65D887F2145F}.Debug|Any CPU.ActiveCfg = Debug|Any CPU
		{7328740E-4B78-464F-8352-65D887F2145F}.Debug|Any CPU.Build.0 = Debug|Any CPU
		{7328740E-4B78-464F-8352-65D887F2145F}.Release|Any CPU.ActiveCfg = Release|Any CPU
		{7328740E-4B78-464F-8352-65D887F2145F}.Release|Any CPU.Build.0 = Release|Any CPU
		{30C7A228-D6D3-4B35-9677-056514DE96DC}.Debug|Any CPU.ActiveCfg = Debug|Any CPU
		{30C7A228-D6D3-4B35-9677-056514DE96DC}.Debug|Any CPU.Build.0 = Debug|Any CPU
		{30C7A228-D6D3-4B35-9677-056514DE96DC}.Release|Any CPU.ActiveCfg = Release|Any CPU
		{30C7A228-D6D3-4B35-9677-056514DE96DC}.Release|Any CPU.Build.0 = Release|Any CPU
	EndGlobalSection
	GlobalSection(SolutionProperties) = preSolution
		HideSolutionNode = FALSE
	EndGlobalSection
	GlobalSection(ExtensibilityGlobals) = postSolution
		SolutionGuid = {B7C3194C-1FE5-448B-A1C8-F48D39EE6790}
	EndGlobalSection
EndGlobal
